
Microsoft Visual Studio Solution File, Format Version 12.00
Project("{FAE04EC0-301F-11D3-BF4B-00C04F79EFBC}") = "CodinGameWinter2024", "CodinGameWinter2024\CodinGameWinter2024.csproj", "{F883F682-E14F-4D6D-A1F1-6A9B17A92163}"
EndProject
Global
	GlobalSection(SolutionConfigurationPlatforms) = preSolution
		Debug|Any CPU = Debug|Any CPU
		Release|Any CPU = Release|Any CPU
	EndGlobalSection
	GlobalSection(ProjectConfigurationPlatforms) = postSolution
		{F883F682-E14F-4D6D-A1F1-6A9B17A92163}.Debug|Any CPU.ActiveCfg = Debug|Any CPU
		{F883F682-E14F-4D6D-A1F1-6A9B17A92163}.Debug|Any CPU.Build.0 = Debug|Any CPU
		{F883F682-E14F-4D6D-A1F1-6A9B17A92163}.Release|Any CPU.ActiveCfg = Release|Any CPU
		{F883F682-E14F-4D6D-A1F1-6A9B17A92163}.Release|Any CPU.Build.0 = Release|Any CPU
	EndGlobalSection
EndGlobal
