
Microsoft Visual Studio Solution File, Format Version 12.00
Project("{FAE04EC0-301F-11D3-BF4B-00C04F79EFBC}") = "InterviewRota", "InterviewRota\InterviewRota.csproj", "{EFDB43D2-759C-455F-A76D-C1C5F38C3717}"
EndProject
Project("{FAE04EC0-301F-11D3-BF4B-00C04F79EFBC}") = "InterviewRota.Tests", "InterviewRota.Tests\InterviewRota.Tests.csproj", "{49291E42-8728-4BB8-B6C0-E2C7C6E7B131}"
EndProject
Global
	GlobalSection(SolutionConfigurationPlatforms) = preSolution
		Debug|Any CPU = Debug|Any CPU
		Release|Any CPU = Release|Any CPU
	EndGlobalSection
	GlobalSection(ProjectConfigurationPlatforms) = postSolution
		{EFDB43D2-759C-455F-A76D-C1C5F38C3717}.Debug|Any CPU.ActiveCfg = Debug|Any CPU
		{EFDB43D2-759C-455F-A76D-C1C5F38C3717}.Debug|Any CPU.Build.0 = Debug|Any CPU
		{EFDB43D2-759C-455F-A76D-C1C5F38C3717}.Release|Any CPU.ActiveCfg = Release|Any CPU
		{EFDB43D2-759C-455F-A76D-C1C5F38C3717}.Release|Any CPU.Build.0 = Release|Any CPU
		{49291E42-8728-4BB8-B6C0-E2C7C6E7B131}.Debug|Any CPU.ActiveCfg = Debug|Any CPU
		{49291E42-8728-4BB8-B6C0-E2C7C6E7B131}.Debug|Any CPU.Build.0 = Debug|Any CPU
		{49291E42-8728-4BB8-B6C0-E2C7C6E7B131}.Release|Any CPU.ActiveCfg = Release|Any CPU
		{49291E42-8728-4BB8-B6C0-E2C7C6E7B131}.Release|Any CPU.Build.0 = Release|Any CPU
	EndGlobalSection
EndGlobal
